Microsoft Visual Studio Solution File, Format Version 12.00
# Visual Studio Version 17
VisualStudioVersion = 17.0.31606.5
MinimumVisualStudioVersion = 10.0.40219.1
Project("{9A19103F-16F7-4668-BE54-9A1E7A4F7556}") = "DevilDaggersInfo.Common", "DevilDaggersInfo.Common\DevilDaggersInfo.Common.csproj", "{A45271DA-D8D2-4BAA-83BA-31115C4FD702}"
EndProject
Project("{9A19103F-16F7-4668-BE54-9A1E7A4F7556}") = "DevilDaggersInfo.Common.Test", "test\DevilDaggersInfo.Common.Test\DevilDaggersInfo.Common.Test.csproj", "{79C2EF91-46DF-4E4D-A083-57C34D15A890}"
EndProject
Project("{9A19103F-16F7-4668-BE54-9A1E7A4F7556}") = "DevilDaggersInfo.Core.Asset", "DevilDaggersInfo.Core.Asset\DevilDaggersInfo.Core.Asset.csproj", "{E855606F-5DFB-407F-979B-C2F25DC05C5D}"
EndProject
Project("{FAE04EC0-301F-11D3-BF4B-00C04F79EFBC}") = "DevilDaggersInfo.Core.CriteriaExpression", "DevilDaggersInfo.Core.CriteriaExpression\DevilDaggersInfo.Core.CriteriaExpression.csproj", "{E80EC34D-4FC7-44D1-BD96-857DD3700AED}"
EndProject
Project("{FAE04EC0-301F-11D3-BF4B-00C04F79EFBC}") = "DevilDaggersInfo.Core.CriteriaExpression.Test", "test\DevilDaggersInfo.Core.CriteriaExpression.Test\DevilDaggersInfo.Core.CriteriaExpression.Test.csproj", "{8D02A724-024B-4ED3-B64B-EA6B350926F0}"
EndProject
Project("{9A19103F-16F7-4668-BE54-9A1E7A4F7556}") = "DevilDaggersInfo.Core.Encryption", "DevilDaggersInfo.Core.Encryption\DevilDaggersInfo.Core.Encryption.csproj", "{6F010EA4-496C-49C5-B947-82BA4EDA2648}"
EndProject
Project("{9A19103F-16F7-4668-BE54-9A1E7A4F7556}") = "DevilDaggersInfo.Core.Mod", "DevilDaggersInfo.Core.Mod\DevilDaggersInfo.Core.Mod.csproj", "{1C25E368-6E37-4144-AAC7-EBA5475BD833}"
EndProject
Project("{9A19103F-16F7-4668-BE54-9A1E7A4F7556}") = "DevilDaggersInfo.Core.Mod.Test", "test\DevilDaggersInfo.Core.Mod.Test\DevilDaggersInfo.Core.Mod.Test.csproj", "{4E3108DD-0F00-45E6-89E9-4F27BCAEF08E}"
EndProject
Project("{9A19103F-16F7-4668-BE54-9A1E7A4F7556}") = "DevilDaggersInfo.Core.Replay", "DevilDaggersInfo.Core.Replay\DevilDaggersInfo.Core.Replay.csproj", "{1FCF3262-FC25-43E1-BDFC-C10CCA94CCAC}"
EndProject
Project("{9A19103F-16F7-4668-BE54-9A1E7A4F7556}") = "DevilDaggersInfo.Core.Replay.Test", "test\DevilDaggersInfo.Core.Replay.Test\DevilDaggersInfo.Core.Replay.Test.csproj", "{B8E3A732-CFDA-41B2-8680-9EA868516633}"
EndProject
Project("{9A19103F-16F7-4668-BE54-9A1E7A4F7556}") = "DevilDaggersInfo.Core.Spawnset", "DevilDaggersInfo.Core.Spawnset\DevilDaggersInfo.Core.Spawnset.csproj", "{F899EBF6-12A0-49B8-A163-511F3E92E991}"
EndProject
Project("{9A19103F-16F7-4668-BE54-9A1E7A4F7556}") = "DevilDaggersInfo.Core.Spawnset.Test", "test\DevilDaggersInfo.Core.Spawnset.Test\DevilDaggersInfo.Core.Spawnset.Test.csproj", "{77938023-7892-4211-8E07-03522DF7CFD7}"
EndProject
Project("{9A19103F-16F7-4668-BE54-9A1E7A4F7556}") = "DevilDaggersInfo.Core.Wiki", "DevilDaggersInfo.Core.Wiki\DevilDaggersInfo.Core.Wiki.csproj", "{BA3418E3-BC09-4F07-9A84-79379BA02DCC}"
EndProject
Project("{9A19103F-16F7-4668-BE54-9A1E7A4F7556}") = "DevilDaggersInfo.Core.Wiki.Test", "test\DevilDaggersInfo.Core.Wiki.Test\DevilDaggersInfo.Core.Wiki.Test.csproj", "{07BBEC96-50D3-49A2-934F-AC8BB7E8BB0D}"
EndProject
Project("{2150E333-8FDC-42A3-9474-1A3956D46DE8}") = "test", "test", "{139163CB-F521-45E4-B022-780DF7322293}"
EndProject
Global
	GlobalSection(SolutionConfigurationPlatforms) = preSolution
		Debug|Any CPU = Debug|Any CPU
		Release|Any CPU = Release|Any CPU
	EndGlobalSection
	GlobalSection(ProjectConfigurationPlatforms) = postSolution
		{A45271DA-D8D2-4BAA-83BA-31115C4FD702}.Debug|Any CPU.ActiveCfg = Debug|Any CPU
		{A45271DA-D8D2-4BAA-83BA-31115C4FD702}.Debug|Any CPU.Build.0 = Debug|Any CPU
		{A45271DA-D8D2-4BAA-83BA-31115C4FD702}.Release|Any CPU.ActiveCfg = Release|Any CPU
		{A45271DA-D8D2-4BAA-83BA-31115C4FD702}.Release|Any CPU.Build.0 = Release|Any CPU
		{79C2EF91-46DF-4E4D-A083-57C34D15A890}.Debug|Any CPU.ActiveCfg = Debug|Any CPU
		{79C2EF91-46DF-4E4D-A083-57C34D15A890}.Debug|Any CPU.Build.0 = Debug|Any CPU
		{79C2EF91-46DF-4E4D-A083-57C34D15A890}.Release|Any CPU.ActiveCfg = Release|Any CPU
		{79C2EF91-46DF-4E4D-A083-57C34D15A890}.Release|Any CPU.Build.0 = Release|Any CPU
		{E855606F-5DFB-407F-979B-C2F25DC05C5D}.Debug|Any CPU.ActiveCfg = Debug|Any CPU
		{E855606F-5DFB-407F-979B-C2F25DC05C5D}.Debug|Any CPU.Build.0 = Debug|Any CPU
		{E855606F-5DFB-407F-979B-C2F25DC05C5D}.Release|Any CPU.ActiveCfg = Release|Any CPU
		{E855606F-5DFB-407F-979B-C2F25DC05C5D}.Release|Any CPU.Build.0 = Release|Any CPU
		{6F010EA4-496C-49C5-B947-82BA4EDA2648}.Debug|Any CPU.ActiveCfg = Debug|Any CPU
		{6F010EA4-496C-49C5-B947-82BA4EDA2648}.Debug|Any CPU.Build.0 = Debug|Any CPU
		{6F010EA4-496C-49C5-B947-82BA4EDA2648}.Release|Any CPU.ActiveCfg = Release|Any CPU
		{6F010EA4-496C-49C5-B947-82BA4EDA2648}.Release|Any CPU.Build.0 = Release|Any CPU
		{1C25E368-6E37-4144-AAC7-EBA5475BD833}.Debug|Any CPU.ActiveCfg = Debug|Any CPU
		{1C25E368-6E37-4144-AAC7-EBA5475BD833}.Debug|Any CPU.Build.0 = Debug|Any CPU
		{1C25E368-6E37-4144-AAC7-EBA5475BD833}.Release|Any CPU.ActiveCfg = Release|Any CPU
		{1C25E368-6E37-4144-AAC7-EBA5475BD833}.Release|Any CPU.Build.0 = Release|Any CPU
		{4E3108DD-0F00-45E6-89E9-4F27BCAEF08E}.Debug|Any CPU.ActiveCfg = Debug|Any CPU
		{4E3108DD-0F00-45E6-89E9-4F27BCAEF08E}.Debug|Any CPU.Build.0 = Debug|Any CPU
		{4E3108DD-0F00-45E6-89E9-4F27BCAEF08E}.Release|Any CPU.ActiveCfg = Release|Any CPU
		{4E3108DD-0F00-45E6-89E9-4F27BCAEF08E}.Release|Any CPU.Build.0 = Release|Any CPU
		{1FCF3262-FC25-43E1-BDFC-C10CCA94CCAC}.Debug|Any CPU.ActiveCfg = Debug|Any CPU
		{1FCF3262-FC25-43E1-BDFC-C10CCA94CCAC}.Debug|Any CPU.Build.0 = Debug|Any CPU
		{1FCF3262-FC25-43E1-BDFC-C10CCA94CCAC}.Release|Any CPU.ActiveCfg = Release|Any CPU
		{1FCF3262-FC25-43E1-BDFC-C10CCA94CCAC}.Release|Any CPU.Build.0 = Release|Any CPU
		{B8E3A732-CFDA-41B2-8680-9EA868516633}.Debug|Any CPU.ActiveCfg = Debug|Any CPU
		{B8E3A732-CFDA-41B2-8680-9EA868516633}.Debug|Any CPU.Build.0 = Debug|Any CPU
		{B8E3A732-CFDA-41B2-8680-9EA868516633}.Release|Any CPU.ActiveCfg = Release|Any CPU
		{B8E3A732-CFDA-41B2-8680-9EA868516633}.Release|Any CPU.Build.0 = Release|Any CPU
		{F899EBF6-12A0-49B8-A163-511F3E92E991}.Debug|Any CPU.ActiveCfg = Debug|Any CPU
		{F899EBF6-12A0-49B8-A163-511F3E92E991}.Debug|Any CPU.Build.0 = Debug|Any CPU
		{F899EBF6-12A0-49B8-A163-511F3E92E991}.Release|Any CPU.ActiveCfg = Release|Any CPU
		{F899EBF6-12A0-49B8-A163-511F3E92E991}.Release|Any CPU.Build.0 = Release|Any CPU
		{77938023-7892-4211-8E07-03522DF7CFD7}.Debug|Any CPU.ActiveCfg = Debug|Any CPU
		{77938023-7892-4211-8E07-03522DF7CFD7}.Debug|Any CPU.Build.0 = Debug|Any CPU
		{77938023-7892-4211-8E07-03522DF7CFD7}.Release|Any CPU.ActiveCfg = Release|Any CPU
		{77938023-7892-4211-8E07-03522DF7CFD7}.Release|Any CPU.Build.0 = Release|Any CPU
		{BA3418E3-BC09-4F07-9A84-79379BA02DCC}.Debug|Any CPU.ActiveCfg = Debug|Any CPU
		{BA3418E3-BC09-4F07-9A84-79379BA02DCC}.Debug|Any CPU.Build.0 = Debug|Any CPU
		{BA3418E3-BC09-4F07-9A84-79379BA02DCC}.Release|Any CPU.ActiveCfg = Release|Any CPU
		{BA3418E3-BC09-4F07-9A84-79379BA02DCC}.Release|Any CPU.Build.0 = Release|Any CPU
		{07BBEC96-50D3-49A2-934F-AC8BB7E8BB0D}.Debug|Any CPU.ActiveCfg = Debug|Any CPU
		{07BBEC96-50D3-49A2-934F-AC8BB7E8BB0D}.Debug|Any CPU.Build.0 = Debug|Any CPU
		{07BBEC96-50D3-49A2-934F-AC8BB7E8BB0D}.Release|Any CPU.ActiveCfg = Release|Any CPU
		{07BBEC96-50D3-49A2-934F-AC8BB7E8BB0D}.Release|Any CPU.Build.0 = Release|Any CPU
		{E80EC34D-4FC7-44D1-BD96-857DD3700AED}.Debug|Any CPU.ActiveCfg = Debug|Any CPU
		{E80EC34D-4FC7-44D1-BD96-857DD3700AED}.Debug|Any CPU.Build.0 = Debug|Any CPU
		{E80EC34D-4FC7-44D1-BD96-857DD3700AED}.Release|Any CPU.ActiveCfg = Release|Any CPU
		{E80EC34D-4FC7-44D1-BD96-857DD3700AED}.Release|Any CPU.Build.0 = Release|Any CPU
		{8D02A724-024B-4ED3-B64B-EA6B350926F0}.Debug|Any CPU.ActiveCfg = Debug|Any CPU
		{8D02A724-024B-4ED3-B64B-EA6B350926F0}.Debug|Any CPU.Build.0 = Debug|Any CPU
		{8D02A724-024B-4ED3-B64B-EA6B350926F0}.Release|Any CPU.ActiveCfg = Release|Any CPU
		{8D02A724-024B-4ED3-B64B-EA6B350926F0}.Release|Any CPU.Build.0 = Release|Any CPU
	EndGlobalSection
	GlobalSection(SolutionProperties) = preSolution
		HideSolutionNode = FALSE
	EndGlobalSection
	GlobalSection(NestedProjects) = preSolution
		{79C2EF91-46DF-4E4D-A083-57C34D15A890} = {139163CB-F521-45E4-B022-780DF7322293}
		{4E3108DD-0F00-45E6-89E9-4F27BCAEF08E} = {139163CB-F521-45E4-B022-780DF7322293}
		{B8E3A732-CFDA-41B2-8680-9EA868516633} = {139163CB-F521-45E4-B022-780DF7322293}
		{77938023-7892-4211-8E07-03522DF7CFD7} = {139163CB-F521-45E4-B022-780DF7322293}
		{07BBEC96-50D3-49A2-934F-AC8BB7E8BB0D} = {139163CB-F521-45E4-B022-780DF7322293}
		{8D02A724-024B-4ED3-B64B-EA6B350926F0} = {139163CB-F521-45E4-B022-780DF7322293}
	EndGlobalSection
	GlobalSection(ExtensibilityGlobals) = postSolution
		SolutionGuid = {E27EC676-81BF-4099-BFC9-20E860CE83A5}
	EndGlobalSection
EndGlobal
